
Microsoft Visual Studio Solution File, Format Version 12.00
# Visual Studio Version 17
VisualStudioVersion = 17.13.35828.75
MinimumVisualStudioVersion = 10.0.40219.1
Project("{FAE04EC0-301F-11D3-BF4B-00C04F79EFBC}") = "PromExpertizabot", "PromExpertizabot\PromExpertizabot.csproj", "{2EA638D4-F033-429C-9BC1-C8106275799A}"
EndProject
Project("{FAE04EC0-301F-11D3-BF4B-00C04F79EFBC}") = "ExpertizaWPF", "ExpertizaWPF\ExpertizaWPF.csproj", "{ABB81EB9-6287-425E-89FE-71EB731576DB}"
EndProject
Global
	GlobalSection(SolutionConfigurationPlatforms) = preSolution
		Debug|Any CPU = Debug|Any CPU
		Release|Any CPU = Release|Any CPU
	EndGlobalSection
	GlobalSection(ProjectConfigurationPlatforms) = postSolution
		{2EA638D4-F033-429C-9BC1-C8106275799A}.Debug|Any CPU.ActiveCfg = Debug|Any CPU
		{2EA638D4-F033-429C-9BC1-C8106275799A}.Debug|Any CPU.Build.0 = Debug|Any CPU
		{2EA638D4-F033-429C-9BC1-C8106275799A}.Release|Any CPU.ActiveCfg = Release|Any CPU
		{2EA638D4-F033-429C-9BC1-C8106275799A}.Release|Any CPU.Build.0 = Release|Any CPU
		{ABB81EB9-6287-425E-89FE-71EB731576DB}.Debug|Any CPU.ActiveCfg = Debug|Any CPU
		{ABB81EB9-6287-425E-89FE-71EB731576DB}.Debug|Any CPU.Build.0 = Debug|Any CPU
		{ABB81EB9-6287-425E-89FE-71EB731576DB}.Release|Any CPU.ActiveCfg = Release|Any CPU
		{ABB81EB9-6287-425E-89FE-71EB731576DB}.Release|Any CPU.Build.0 = Release|Any CPU
	EndGlobalSection
	GlobalSection(SolutionProperties) = preSolution
		HideSolutionNode = FALSE
	EndGlobalSection
	GlobalSection(ExtensibilityGlobals) = postSolution
		SolutionGuid = {CFF72E9A-CFAA-4DCC-93E5-CF4D8AF667B3}
	EndGlobalSection
EndGlobal
